// !$*UTF8*$!
{
	archiveVersion = 1;
	classes = {
	};
	objectVersion = 56;
	objects = {

/* Begin PBXBuildFile section */
		721CAA4F2A9E71F600BF5ED1 /* NetworkManager.swift in Sources */ = {isa = PBXBuildFile; fileRef = 721CAA4E2A9E71F600BF5ED1 /* NetworkManager.swift */; };
		721D61DA2A9F44C800B27243 /* SDWebImage in Frameworks */ = {isa = PBXBuildFile; productRef = 721D61D92A9F44C800B27243 /* SDWebImage */; };
		721D61DC2A9F44C800B27243 /* SDWebImageMapKit in Frameworks */ = {isa = PBXBuildFile; productRef = 721D61DB2A9F44C800B27243 /* SDWebImageMapKit */; };
		722470962A96047B00247519 /* DetailPageViewController.swift in Sources */ = {isa = PBXBuildFile; fileRef = 722470952A96047B00247519 /* DetailPageViewController.swift */; };
		7282FD552A94AAC8003091AB /* AppDelegate.swift in Sources */ = {isa = PBXBuildFile; fileRef = 7282FD542A94AAC8003091AB /* AppDelegate.swift */; };
		7282FD572A94AAC8003091AB /* SceneDelegate.swift in Sources */ = {isa = PBXBuildFile; fileRef = 7282FD562A94AAC8003091AB /* SceneDelegate.swift */; };
		7282FD592A94AAC8003091AB /* ViewController.swift in Sources */ = {isa = PBXBuildFile; fileRef = 7282FD582A94AAC8003091AB /* ViewController.swift */; };
		7282FD5C2A94AAC8003091AB /* Main.storyboard in Resources */ = {isa = PBXBuildFile; fileRef = 7282FD5A2A94AAC8003091AB /* Main.storyboard */; };
		7282FD5F2A94AAC8003091AB /* MovieSphere.xcdatamodeld in Sources */ = {isa = PBXBuildFile; fileRef = 7282FD5D2A94AAC8003091AB /* MovieSphere.xcdatamodeld */; };
		7282FD612A94AAC9003091AB /* Assets.xcassets in Resources */ = {isa = PBXBuildFile; fileRef = 7282FD602A94AAC9003091AB /* Assets.xcassets */; };
		7282FD642A94AAC9003091AB /* LaunchScreen.storyboard in Resources */ = {isa = PBXBuildFile; fileRef = 7282FD622A94AAC9003091AB /* LaunchScreen.storyboard */; };
		7282FD6F2A94AAC9003091AB /* MovieSphereTests.swift in Sources */ = {isa = PBXBuildFile; fileRef = 7282FD6E2A94AAC9003091AB /* MovieSphereTests.swift */; };
		7282FD792A94AAC9003091AB /* MovieSphereUITests.swift in Sources */ = {isa = PBXBuildFile; fileRef = 7282FD782A94AAC9003091AB /* MovieSphereUITests.swift */; };
		7282FD7B2A94AAC9003091AB /* MovieSphereUITestsLaunchTests.swift in Sources */ = {isa = PBXBuildFile; fileRef = 7282FD7A2A94AAC9003091AB /* MovieSphereUITestsLaunchTests.swift */; };
		7282FD882A94C001003091AB /* MovieData.swift in Sources */ = {isa = PBXBuildFile; fileRef = 7282FD872A94C001003091AB /* MovieData.swift */; };
		7282FD8A2A94C784003091AB /* MovieListTableViewCell.swift in Sources */ = {isa = PBXBuildFile; fileRef = 7282FD892A94C784003091AB /* MovieListTableViewCell.swift */; };
		7282FD8C2A94CF35003091AB /* Downloader.swift in Sources */ = {isa = PBXBuildFile; fileRef = 7282FD8B2A94CF35003091AB /* Downloader.swift */; };
		72B701122A9D1B94007CB2EB /* ViewControllerExtensions.swift in Sources */ = {isa = PBXBuildFile; fileRef = 72B701112A9D1B94007CB2EB /* ViewControllerExtensions.swift */; };
		72B701192A9D210E007CB2EB /* MovieListView.swift in Sources */ = {isa = PBXBuildFile; fileRef = 72B701182A9D210E007CB2EB /* MovieListView.swift */; };
		72FE5EA62A973B1B00E0F5C2 /* Constants.swift in Sources */ = {isa = PBXBuildFile; fileRef = 72FE5EA52A973B1B00E0F5C2 /* Constants.swift */; };
/* End PBXBuildFile section */

/* Begin PBXContainerItemProxy section */
		7282FD6B2A94AAC9003091AB /* PBXContainerItemProxy */ = {
			isa = PBXContainerItemProxy;
			containerPortal = 7282FD492A94AAC8003091AB /* Project object */;
			proxyType = 1;
			remoteGlobalIDString = 7282FD502A94AAC8003091AB;
			remoteInfo = MovieSphere;
		};
		7282FD752A94AAC9003091AB /* PBXContainerItemProxy */ = {
			isa = PBXContainerItemProxy;
			containerPortal = 7282FD492A94AAC8003091AB /* Project object */;
			proxyType = 1;
			remoteGlobalIDString = 7282FD502A94AAC8003091AB;
			remoteInfo = MovieSphere;
		};
/* End PBXContainerItemProxy section */

/* Begin PBXFileReference section */
		721CAA4E2A9E71F600BF5ED1 /* NetworkManager.swift */ = {isa = PBXFileReference; lastKnownFileType = sourcecode.swift; path = NetworkManager.swift; sourceTree = "<group>"; };
		722470952A96047B00247519 /* DetailPageViewController.swift */ = {isa = PBXFileReference; lastKnownFileType = sourcecode.swift; path = DetailPageViewController.swift; sourceTree = "<group>"; };
		7282FD512A94AAC8003091AB /* MovieSphereExtended.app */ = {isa = PBXFileReference; explicitFileType = wrapper.application; includeInIndex = 0; path = MovieSphereExtended.app; sourceTree = BUILT_PRODUCTS_DIR; };
		7282FD542A94AAC8003091AB /* AppDelegate.swift */ = {isa = PBXFileReference; lastKnownFileType = sourcecode.swift; path = AppDelegate.swift; sourceTree = "<group>"; };
		7282FD562A94AAC8003091AB /* SceneDelegate.swift */ = {isa = PBXFileReference; lastKnownFileType = sourcecode.swift; path = SceneDelegate.swift; sourceTree = "<group>"; };
		7282FD582A94AAC8003091AB /* ViewController.swift */ = {isa = PBXFileReference; lastKnownFileType = sourcecode.swift; path = ViewController.swift; sourceTree = "<group>"; };
		7282FD5B2A94AAC8003091AB /* Base */ = {isa = PBXFileReference; lastKnownFileType = file.storyboard; name = Base; path = Base.lproj/Main.storyboard; sourceTree = "<group>"; };
		7282FD5E2A94AAC8003091AB /* MovieSphere.xcdatamodel */ = {isa = PBXFileReference; lastKnownFileType = wrapper.xcdatamodel; path = MovieSphere.xcdatamodel; sourceTree = "<group>"; };
		7282FD602A94AAC9003091AB /* Assets.xcassets */ = {isa = PBXFileReference; lastKnownFileType = folder.assetcatalog; path = Assets.xcassets; sourceTree = "<group>"; };
		7282FD632A94AAC9003091AB /* Base */ = {isa = PBXFileReference; lastKnownFileType = file.storyboard; name = Base; path = Base.lproj/LaunchScreen.storyboard; sourceTree = "<group>"; };
		7282FD652A94AAC9003091AB /* Info.plist */ = {isa = PBXFileReference; lastKnownFileType = text.plist.xml; path = Info.plist; sourceTree = "<group>"; };
		7282FD6A2A94AAC9003091AB /* MovieSphereExtendedTests.xctest */ = {isa = PBXFileReference; explicitFileType = wrapper.cfbundle; includeInIndex = 0; path = MovieSphereExtendedTests.xctest; sourceTree = BUILT_PRODUCTS_DIR; };
		7282FD6E2A94AAC9003091AB /* MovieSphereTests.swift */ = {isa = PBXFileReference; lastKnownFileType = sourcecode.swift; path = MovieSphereTests.swift; sourceTree = "<group>"; };
		7282FD742A94AAC9003091AB /* MovieSphereExtendedUITests.xctest */ = {isa = PBXFileReference; explicitFileType = wrapper.cfbundle; includeInIndex = 0; path = MovieSphereExtendedUITests.xctest; sourceTree = BUILT_PRODUCTS_DIR; };
		7282FD782A94AAC9003091AB /* MovieSphereUITests.swift */ = {isa = PBXFileReference; lastKnownFileType = sourcecode.swift; path = MovieSphereUITests.swift; sourceTree = "<group>"; };
		7282FD7A2A94AAC9003091AB /* MovieSphereUITestsLaunchTests.swift */ = {isa = PBXFileReference; lastKnownFileType = sourcecode.swift; path = MovieSphereUITestsLaunchTests.swift; sourceTree = "<group>"; };
		7282FD872A94C001003091AB /* MovieData.swift */ = {isa = PBXFileReference; lastKnownFileType = sourcecode.swift; path = MovieData.swift; sourceTree = "<group>"; };
		7282FD892A94C784003091AB /* MovieListTableViewCell.swift */ = {isa = PBXFileReference; lastKnownFileType = sourcecode.swift; path = MovieListTableViewCell.swift; sourceTree = "<group>"; };
		7282FD8B2A94CF35003091AB /* Downloader.swift */ = {isa = PBXFileReference; lastKnownFileType = sourcecode.swift; path = Downloader.swift; sourceTree = "<group>"; };
		72B701112A9D1B94007CB2EB /* ViewControllerExtensions.swift */ = {isa = PBXFileReference; lastKnownFileType = sourcecode.swift; path = ViewControllerExtensions.swift; sourceTree = "<group>"; };
		72B701182A9D210E007CB2EB /* MovieListView.swift */ = {isa = PBXFileReference; lastKnownFileType = sourcecode.swift; path = MovieListView.swift; sourceTree = "<group>"; };
		72FE5EA52A973B1B00E0F5C2 /* Constants.swift */ = {isa = PBXFileReference; lastKnownFileType = sourcecode.swift; path = Constants.swift; sourceTree = "<group>"; };
/* End PBXFileReference section */

/* Begin PBXFrameworksBuildPhase section */
		7282FD4E2A94AAC8003091AB /* Frameworks */ = {
			isa = PBXFrameworksBuildPhase;
			buildActionMask = 2147483647;
			files = (
				721D61DC2A9F44C800B27243 /* SDWebImageMapKit in Frameworks */,
				721D61DA2A9F44C800B27243 /* SDWebImage in Frameworks */,
			);
			runOnlyForDeploymentPostprocessing = 0;
		};
		7282FD672A94AAC9003091AB /* Frameworks */ = {
			isa = PBXFrameworksBuildPhase;
			buildActionMask = 2147483647;
			files = (
			);
			runOnlyForDeploymentPostprocessing = 0;
		};
		7282FD712A94AAC9003091AB /* Frameworks */ = {
			isa = PBXFrameworksBuildPhase;
			buildActionMask = 2147483647;
			files = (
			);
			runOnlyForDeploymentPostprocessing = 0;
		};
/* End PBXFrameworksBuildPhase section */

/* Begin PBXGroup section */
		7282FD482A94AAC8003091AB = {
			isa = PBXGroup;
			children = (
				7282FD532A94AAC8003091AB /* MovieSphereExtended */,
				7282FD6D2A94AAC9003091AB /* MovieSphereTestsExtended */,
				7282FD772A94AAC9003091AB /* MovieSphereUITestsExtended */,
				7282FD522A94AAC8003091AB /* Products */,
			);
			sourceTree = "<group>";
		};
		7282FD522A94AAC8003091AB /* Products */ = {
			isa = PBXGroup;
			children = (
				7282FD512A94AAC8003091AB /* MovieSphereExtended.app */,
				7282FD6A2A94AAC9003091AB /* MovieSphereExtendedTests.xctest */,
				7282FD742A94AAC9003091AB /* MovieSphereExtendedUITests.xctest */,
			);
			name = Products;
			sourceTree = "<group>";
		};
		7282FD532A94AAC8003091AB /* MovieSphereExtended */ = {
			isa = PBXGroup;
			children = (
				72B701172A9D1FD5007CB2EB /* StoryBoard */,
				72FE5EA32A9725E500E0F5C2 /* Supporting Files */,
				72FE5EA12A97258600E0F5C2 /* ViewControllers */,
				72FE5EA02A97256500E0F5C2 /* Extensions */,
				72FE5EA22A9725A500E0F5C2 /* Views */,
				72FE5EA42A9725FE00E0F5C2 /* Resources */,
				72FE5E9F2A97254100E0F5C2 /* Models */,
			);
			path = MovieSphereExtended;
			sourceTree = "<group>";
		};
		7282FD6D2A94AAC9003091AB /* MovieSphereTestsExtended */ = {
			isa = PBXGroup;
			children = (
				7282FD6E2A94AAC9003091AB /* MovieSphereTests.swift */,
			);
			path = MovieSphereTestsExtended;
			sourceTree = "<group>";
		};
		7282FD772A94AAC9003091AB /* MovieSphereUITestsExtended */ = {
			isa = PBXGroup;
			children = (
				7282FD782A94AAC9003091AB /* MovieSphereUITests.swift */,
				7282FD7A2A94AAC9003091AB /* MovieSphereUITestsLaunchTests.swift */,
			);
			path = MovieSphereUITestsExtended;
			sourceTree = "<group>";
		};
		72B701172A9D1FD5007CB2EB /* StoryBoard */ = {
			isa = PBXGroup;
			children = (
				7282FD5A2A94AAC8003091AB /* Main.storyboard */,
				7282FD622A94AAC9003091AB /* LaunchScreen.storyboard */,
			);
			path = StoryBoard;
			sourceTree = "<group>";
		};
		72FE5E9F2A97254100E0F5C2 /* Models */ = {
			isa = PBXGroup;
			children = (
				7282FD872A94C001003091AB /* MovieData.swift */,
				72FE5EA52A973B1B00E0F5C2 /* Constants.swift */,
				72B701182A9D210E007CB2EB /* MovieListView.swift */,
				721CAA4E2A9E71F600BF5ED1 /* NetworkManager.swift */,
			);
			path = Models;
			sourceTree = "<group>";
		};
		72FE5EA02A97256500E0F5C2 /* Extensions */ = {
			isa = PBXGroup;
			children = (
				7282FD8B2A94CF35003091AB /* Downloader.swift */,
				72B701112A9D1B94007CB2EB /* ViewControllerExtensions.swift */,
			);
			path = Extensions;
			sourceTree = "<group>";
		};
		72FE5EA12A97258600E0F5C2 /* ViewControllers */ = {
			isa = PBXGroup;
			children = (
				7282FD582A94AAC8003091AB /* ViewController.swift */,
			);
			path = ViewControllers;
			sourceTree = "<group>";
		};
		72FE5EA22A9725A500E0F5C2 /* Views */ = {
			isa = PBXGroup;
			children = (
				722470952A96047B00247519 /* DetailPageViewController.swift */,
				7282FD892A94C784003091AB /* MovieListTableViewCell.swift */,
			);
			path = Views;
			sourceTree = "<group>";
		};
		72FE5EA32A9725E500E0F5C2 /* Supporting Files */ = {
			isa = PBXGroup;
			children = (
				7282FD542A94AAC8003091AB /* AppDelegate.swift */,
				7282FD562A94AAC8003091AB /* SceneDelegate.swift */,
				7282FD652A94AAC9003091AB /* Info.plist */,
			);
			path = "Supporting Files";
			sourceTree = "<group>";
		};
		72FE5EA42A9725FE00E0F5C2 /* Resources */ = {
			isa = PBXGroup;
			children = (
				7282FD5D2A94AAC8003091AB /* MovieSphere.xcdatamodeld */,
				7282FD602A94AAC9003091AB /* Assets.xcassets */,
			);
			path = Resources;
			sourceTree = "<group>";
		};
/* End PBXGroup section */

/* Begin PBXNativeTarget section */
		7282FD502A94AAC8003091AB /* MovieSphereExtended */ = {
			isa = PBXNativeTarget;
			buildConfigurationList = 7282FD7E2A94AAC9003091AB /* Build configuration list for PBXNativeTarget "MovieSphereExtended" */;
			buildPhases = (
				7282FD4D2A94AAC8003091AB /* Sources */,
				7282FD4E2A94AAC8003091AB /* Frameworks */,
				7282FD4F2A94AAC8003091AB /* Resources */,
			);
			buildRules = (
			);
			dependencies = (
			);
			name = MovieSphereExtended;
			packageProductDependencies = (
				721D61D92A9F44C800B27243 /* SDWebImage */,
				721D61DB2A9F44C800B27243 /* SDWebImageMapKit */,
			);
			productName = MovieSphere;
			productReference = 7282FD512A94AAC8003091AB /* MovieSphereExtended.app */;
			productType = "com.apple.product-type.application";
		};
		7282FD692A94AAC9003091AB /* MovieSphereExtendedTests */ = {
			isa = PBXNativeTarget;
			buildConfigurationList = 7282FD812A94AAC9003091AB /* Build configuration list for PBXNativeTarget "MovieSphereExtendedTests" */;
			buildPhases = (
				7282FD662A94AAC9003091AB /* Sources */,
				7282FD672A94AAC9003091AB /* Frameworks */,
				7282FD682A94AAC9003091AB /* Resources */,
			);
			buildRules = (
			);
			dependencies = (
				7282FD6C2A94AAC9003091AB /* PBXTargetDependency */,
			);
			name = MovieSphereExtendedTests;
			productName = MovieSphereTests;
			productReference = 7282FD6A2A94AAC9003091AB /* MovieSphereExtendedTests.xctest */;
			productType = "com.apple.product-type.bundle.unit-test";
		};
		7282FD732A94AAC9003091AB /* MovieSphereExtendedUITests */ = {
			isa = PBXNativeTarget;
			buildConfigurationList = 7282FD842A94AAC9003091AB /* Build configuration list for PBXNativeTarget "MovieSphereExtendedUITests" */;
			buildPhases = (
				7282FD702A94AAC9003091AB /* Sources */,
				7282FD712A94AAC9003091AB /* Frameworks */,
				7282FD722A94AAC9003091AB /* Resources */,
			);
			buildRules = (
			);
			dependencies = (
				7282FD762A94AAC9003091AB /* PBXTargetDependency */,
			);
			name = MovieSphereExtendedUITests;
			productName = MovieSphereUITests;
			productReference = 7282FD742A94AAC9003091AB /* MovieSphereExtendedUITests.xctest */;
			productType = "com.apple.product-type.bundle.ui-testing";
		};
/* End PBXNativeTarget section */

/* Begin PBXProject section */
		7282FD492A94AAC8003091AB /* Project object */ = {
			isa = PBXProject;
			attributes = {
				BuildIndependentTargetsInParallel = 1;
				LastSwiftUpdateCheck = 1430;
				LastUpgradeCheck = 1430;
				TargetAttributes = {
					7282FD502A94AAC8003091AB = {
						CreatedOnToolsVersion = 14.3.1;
					};
					7282FD692A94AAC9003091AB = {
						CreatedOnToolsVersion = 14.3.1;
						TestTargetID = 7282FD502A94AAC8003091AB;
					};
					7282FD732A94AAC9003091AB = {
						CreatedOnToolsVersion = 14.3.1;
						TestTargetID = 7282FD502A94AAC8003091AB;
					};
				};
			};
			buildConfigurationList = 7282FD4C2A94AAC8003091AB /* Build configuration list for PBXProject "MovieSphereExtended" */;
			compatibilityVersion = "Xcode 14.0";
			developmentRegion = en;
			hasScannedForEncodings = 0;
			knownRegions = (
				en,
				Base,
			);
			mainGroup = 7282FD482A94AAC8003091AB;
			packageReferences = (
				721D61D82A9F44C800B27243 /* XCRemoteSwiftPackageReference "SDWebImage" */,
			);
			productRefGroup = 7282FD522A94AAC8003091AB /* Products */;
			projectDirPath = "";
			projectRoot = "";
			targets = (
				7282FD502A94AAC8003091AB /* MovieSphereExtended */,
				7282FD692A94AAC9003091AB /* MovieSphereExtendedTests */,
				7282FD732A94AAC9003091AB /* MovieSphereExtendedUITests */,
			);
		};
/* End PBXProject section */

/* Begin PBXResourcesBuildPhase section */
		7282FD4F2A94AAC8003091AB /* Resources */ = {
			isa = PBXResourcesBuildPhase;
			buildActionMask = 2147483647;
			files = (
				7282FD642A94AAC9003091AB /* LaunchScreen.storyboard in Resources */,
				7282FD612A94AAC9003091AB /* Assets.xcassets in Resources */,
				7282FD5C2A94AAC8003091AB /* Main.storyboard in Resources */,
			);
			runOnlyForDeploymentPostprocessing = 0;
		};
		7282FD682A94AAC9003091AB /* Resources */ = {
			isa = PBXResourcesBuildPhase;
			buildActionMask = 2147483647;
			files = (
			);
			runOnlyForDeploymentPostprocessing = 0;
		};
		7282FD722A94AAC9003091AB /* Resources */ = {
			isa = PBXResourcesBuildPhase;
			buildActionMask = 2147483647;
			files = (
			);
			runOnlyForDeploymentPostprocessing = 0;
		};
/* End PBXResourcesBuildPhase section */

/* Begin PBXSourcesBuildPhase section */
		7282FD4D2A94AAC8003091AB /* Sources */ = {
			isa = PBXSourcesBuildPhase;
			buildActionMask = 2147483647;
			files = (
				721CAA4F2A9E71F600BF5ED1 /* NetworkManager.swift in Sources */,
				72B701122A9D1B94007CB2EB /* ViewControllerExtensions.swift in Sources */,
				72B701192A9D210E007CB2EB /* MovieListView.swift in Sources */,
				722470962A96047B00247519 /* DetailPageViewController.swift in Sources */,
				7282FD592A94AAC8003091AB /* ViewController.swift in Sources */,
				7282FD552A94AAC8003091AB /* AppDelegate.swift in Sources */,
				7282FD8C2A94CF35003091AB /* Downloader.swift in Sources */,
				7282FD572A94AAC8003091AB /* SceneDelegate.swift in Sources */,
				7282FD882A94C001003091AB /* MovieData.swift in Sources */,
				7282FD8A2A94C784003091AB /* MovieListTableViewCell.swift in Sources */,
				7282FD5F2A94AAC8003091AB /* MovieSphere.xcdatamodeld in Sources */,
				72FE5EA62A973B1B00E0F5C2 /* Constants.swift in Sources */,
			);
			runOnlyForDeploymentPostprocessing = 0;
		};
		7282FD662A94AAC9003091AB /* Sources */ = {
			isa = PBXSourcesBuildPhase;
			buildActionMask = 2147483647;
			files = (
				7282FD6F2A94AAC9003091AB /* MovieSphereTests.swift in Sources */,
			);
			runOnlyForDeploymentPostprocessing = 0;
		};
		7282FD702A94AAC9003091AB /* Sources */ = {
			isa = PBXSourcesBuildPhase;
			buildActionMask = 2147483647;
			files = (
				7282FD7B2A94AAC9003091AB /* MovieSphereUITestsLaunchTests.swift in Sources */,
				7282FD792A94AAC9003091AB /* MovieSphereUITests.swift in Sources */,
			);
			runOnlyForDeploymentPostprocessing = 0;
		};
/* End PBXSourcesBuildPhase section */

/* Begin PBXTargetDependency section */
		7282FD6C2A94AAC9003091AB /* PBXTargetDependency */ = {
			isa = PBXTargetDependency;
			target = 7282FD502A94AAC8003091AB /* MovieSphereExtended */;
			targetProxy = 7282FD6B2A94AAC9003091AB /* PBXContainerItemProxy */;
		};
		7282FD762A94AAC9003091AB /* PBXTargetDependency */ = {
			isa = PBXTargetDependency;
			target = 7282FD502A94AAC8003091AB /* MovieSphereExtended */;
			targetProxy = 7282FD752A94AAC9003091AB /* PBXContainerItemProxy */;
		};
/* End PBXTargetDependency section */

/* Begin PBXVariantGroup section */
		7282FD5A2A94AAC8003091AB /* Main.storyboard */ = {
			isa = PBXVariantGroup;
			children = (
				7282FD5B2A94AAC8003091AB /* Base */,
			);
			name = Main.storyboard;
			sourceTree = "<group>";
		};
		7282FD622A94AAC9003091AB /* LaunchScreen.storyboard */ = {
			isa = PBXVariantGroup;
			children = (
				7282FD632A94AAC9003091AB /* Base */,
			);
			name = LaunchScreen.storyboard;
			sourceTree = "<group>";
		};
/* End PBXVariantGroup section */

/* Begin XCBuildConfiguration section */
		7282FD7C2A94AAC9003091AB /* Debug */ = {
			isa = XCBuildConfiguration;
			buildSettings = {
				ALWAYS_SEARCH_USER_PATHS = NO;
				CLANG_ANALYZER_NONNULL = YES;
				CLANG_ANALYZER_NUMBER_OBJECT_CONVERSION = YES_AGGRESSIVE;
				CLANG_CXX_LANGUAGE_STANDARD = "gnu++20";
				CLANG_ENABLE_MODULES = YES;
				CLANG_ENABLE_OBJC_ARC = YES;
				CLANG_ENABLE_OBJC_WEAK = YES;
				CLANG_WARN_BLOCK_CAPTURE_AUTORELEASING = YES;
				CLANG_WARN_BOOL_CONVERSION = YES;
				CLANG_WARN_COMMA = YES;
				CLANG_WARN_CONSTANT_CONVERSION = YES;
				CLANG_WARN_DEPRECATED_OBJC_IMPLEMENTATIONS = YES;
				CLANG_WARN_DIRECT_OBJC_ISA_USAGE = YES_ERROR;
				CLANG_WARN_DOCUMENTATION_COMMENTS = YES;
				CLANG_WARN_EMPTY_BODY = YES;
				CLANG_WARN_ENUM_CONVERSION = YES;
				CLANG_WARN_INFINITE_RECURSION = YES;
				CLANG_WARN_INT_CONVERSION = YES;
				CLANG_WARN_NON_LITERAL_NULL_CONVERSION = YES;
				CLANG_WARN_OBJC_IMPLICIT_RETAIN_SELF = YES;
				CLANG_WARN_OBJC_LITERAL_CONVERSION = YES;
				CLANG_WARN_OBJC_ROOT_CLASS = YES_ERROR;
				CLANG_WARN_QUOTED_INCLUDE_IN_FRAMEWORK_HEADER = YES;
				CLANG_WARN_RANGE_LOOP_ANALYSIS = YES;
				CLANG_WARN_STRICT_PROTOTYPES = YES;
				CLANG_WARN_SUSPICIOUS_MOVE = YES;
				CLANG_WARN_UNGUARDED_AVAILABILITY = YES_AGGRESSIVE;
				CLANG_WARN_UNREACHABLE_CODE = YES;
				CLANG_WARN__DUPLICATE_METHOD_MATCH = YES;
				COPY_PHASE_STRIP = NO;
				DEBUG_INFORMATION_FORMAT = dwarf;
				ENABLE_STRICT_OBJC_MSGSEND = YES;
				ENABLE_TESTABILITY = YES;
				GCC_C_LANGUAGE_STANDARD = gnu11;
				GCC_DYNAMIC_NO_PIC = NO;
				GCC_NO_COMMON_BLOCKS = YES;
				GCC_OPTIMIZATION_LEVEL = 0;
				GCC_PREPROCESSOR_DEFINITIONS = (
					"DEBUG=1",
					"$(inherited)",
				);
				GCC_WARN_64_TO_32_BIT_CONVERSION = YES;
				GCC_WARN_ABOUT_RETURN_TYPE = YES_ERROR;
				GCC_WARN_UNDECLARED_SELECTOR = YES;
				GCC_WARN_UNINITIALIZED_AUTOS = YES_AGGRESSIVE;
				GCC_WARN_UNUSED_FUNCTION = YES;
				GCC_WARN_UNUSED_VARIABLE = YES;
				IPHONEOS_DEPLOYMENT_TARGET = 16.4;
				MTL_ENABLE_DEBUG_INFO = INCLUDE_SOURCE;
				MTL_FAST_MATH = YES;
				ONLY_ACTIVE_ARCH = YES;
				SDKROOT = iphoneos;
				SWIFT_ACTIVE_COMPILATION_CONDITIONS = DEBUG;
				SWIFT_OPTIMIZATION_LEVEL = "-Onone";
			};
			name = Debug;
		};
		7282FD7D2A94AAC9003091AB /* Release */ = {
			isa = XCBuildConfiguration;
			buildSettings = {
				ALWAYS_SEARCH_USER_PATHS = NO;
				CLANG_ANALYZER_NONNULL = YES;
				CLANG_ANALYZER_NUMBER_OBJECT_CONVERSION = YES_AGGRESSIVE;
				CLANG_CXX_LANGUAGE_STANDARD = "gnu++20";
				CLANG_ENABLE_MODULES = YES;
				CLANG_ENABLE_OBJC_ARC = YES;
				CLANG_ENABLE_OBJC_WEAK = YES;
				CLANG_WARN_BLOCK_CAPTURE_AUTORELEASING = YES;
				CLANG_WARN_BOOL_CONVERSION = YES;
				CLANG_WARN_COMMA = YES;
				CLANG_WARN_CONSTANT_CONVERSION = YES;
				CLANG_WARN_DEPRECATED_OBJC_IMPLEMENTATIONS = YES;
				CLANG_WARN_DIRECT_OBJC_ISA_USAGE = YES_ERROR;
				CLANG_WARN_DOCUMENTATION_COMMENTS = YES;
				CLANG_WARN_EMPTY_BODY = YES;
				CLANG_WARN_ENUM_CONVERSION = YES;
				CLANG_WARN_INFINITE_RECURSION = YES;
				CLANG_WARN_INT_CONVERSION = YES;
				CLANG_WARN_NON_LITERAL_NULL_CONVERSION = YES;
				CLANG_WARN_OBJC_IMPLICIT_RETAIN_SELF = YES;
				CLANG_WARN_OBJC_LITERAL_CONVERSION = YES;
				CLANG_WARN_OBJC_ROOT_CLASS = YES_ERROR;
				CLANG_WARN_QUOTED_INCLUDE_IN_FRAMEWORK_HEADER = YES;
				CLANG_WARN_RANGE_LOOP_ANALYSIS = YES;
				CLANG_WARN_STRICT_PROTOTYPES = YES;
				CLANG_WARN_SUSPICIOUS_MOVE = YES;
				CLANG_WARN_UNGUARDED_AVAILABILITY = YES_AGGRESSIVE;
				CLANG_WARN_UNREACHABLE_CODE = YES;
				CLANG_WARN__DUPLICATE_METHOD_MATCH = YES;
				COPY_PHASE_STRIP = NO;
				DEBUG_INFORMATION_FORMAT = "dwarf-with-dsym";
				ENABLE_NS_ASSERTIONS = NO;
				ENABLE_STRICT_OBJC_MSGSEND = YES;
				GCC_C_LANGUAGE_STANDARD = gnu11;
				GCC_NO_COMMON_BLOCKS = YES;
				GCC_WARN_64_TO_32_BIT_CONVERSION = YES;
				GCC_WARN_ABOUT_RETURN_TYPE = YES_ERROR;
				GCC_WARN_UNDECLARED_SELECTOR = YES;
				GCC_WARN_UNINITIALIZED_AUTOS = YES_AGGRESSIVE;
				GCC_WARN_UNUSED_FUNCTION = YES;
				GCC_WARN_UNUSED_VARIABLE = YES;
				IPHONEOS_DEPLOYMENT_TARGET = 16.4;
				MTL_ENABLE_DEBUG_INFO = NO;
				MTL_FAST_MATH = YES;
				SDKROOT = iphoneos;
				SWIFT_COMPILATION_MODE = wholemodule;
				SWIFT_OPTIMIZATION_LEVEL = "-O";
				VALIDATE_PRODUCT = YES;
			};
			name = Release;
		};
		7282FD7F2A94AAC9003091AB /* Debug */ = {
			isa = XCBuildConfiguration;
			buildSettings = {
				ASSETCATALOG_COMPILER_APPICON_NAME = AppIcon;
				ASSETCATALOG_COMPILER_GLOBAL_ACCENT_COLOR_NAME = AccentColor;
				CODE_SIGN_STYLE = Automatic;
				CURRENT_PROJECT_VERSION = 1;
				DEVELOPMENT_TEAM = TJNK63P3AA;
				GENERATE_INFOPLIST_FILE = YES;
				INFOPLIST_FILE = "MovieSphereExtended/Supporting Files/Info.plist";
				INFOPLIST_KEY_UIApplicationSupportsIndirectInputEvents = YES;
				INFOPLIST_KEY_UILaunchStoryboardName = LaunchScreen;
				INFOPLIST_KEY_UIMainStoryboardFile = Main;
				INFOPLIST_KEY_UISupportedInterfaceOrientations_iPad = "UIInterfaceOrientationPortrait UIInterfaceOrientationPortraitUpsideDown UIInterfaceOrientationLandscapeLeft UIInterfaceOrientationLandscapeRight";
				INFOPLIST_KEY_UISupportedInterfaceOrientations_iPhone = "UIInterfaceOrientationPortrait UIInterfaceOrientationLandscapeLeft UIInterfaceOrientationLandscapeRight";
				LD_RUNPATH_SEARCH_PATHS = (
					"$(inherited)",
					"@executable_path/Frameworks",
				);
				MARKETING_VERSION = 1.0;
				PRODUCT_BUNDLE_IDENTIFIER = Housing.MovieSphereExtended;
				PRODUCT_NAME = "$(TARGET_NAME)";
				SWIFT_EMIT_LOC_STRINGS = YES;
				SWIFT_VERSION = 5.0;
				TARGETED_DEVICE_FAMILY = "1,2";
			};
			name = Debug;
		};
		7282FD802A94AAC9003091AB /* Release */ = {
			isa = XCBuildConfiguration;
			buildSettings = {
				ASSETCATALOG_COMPILER_APPICON_NAME = AppIcon;
				ASSETCATALOG_COMPILER_GLOBAL_ACCENT_COLOR_NAME = AccentColor;
				CODE_SIGN_STYLE = Automatic;
				CURRENT_PROJECT_VERSION = 1;
				DEVELOPMENT_TEAM = TJNK63P3AA;
				GENERATE_INFOPLIST_FILE = YES;
				INFOPLIST_FILE = "MovieSphereExtended/Supporting Files/Info.plist";
				INFOPLIST_KEY_UIApplicationSupportsIndirectInputEvents = YES;
				INFOPLIST_KEY_UILaunchStoryboardName = LaunchScreen;
				INFOPLIST_KEY_UIMainStoryboardFile = Main;
				INFOPLIST_KEY_UISupportedInterfaceOrientations_iPad = "UIInterfaceOrientationPortrait UIInterfaceOrientationPortraitUpsideDown UIInterfaceOrientationLandscapeLeft UIInterfaceOrientationLandscapeRight";
				INFOPLIST_KEY_UISupportedInterfaceOrientations_iPhone = "UIInterfaceOrientationPortrait UIInterfaceOrientationLandscapeLeft UIInterfaceOrientationLandscapeRight";
				LD_RUNPATH_SEARCH_PATHS = (
					"$(inherited)",
					"@executable_path/Frameworks",
				);
				MARKETING_VERSION = 1.0;
				PRODUCT_BUNDLE_IDENTIFIER = Housing.MovieSphereExtended;
				PRODUCT_NAME = "$(TARGET_NAME)";
				SWIFT_EMIT_LOC_STRINGS = YES;
				SWIFT_VERSION = 5.0;
				TARGETED_DEVICE_FAMILY = "1,2";
			};
			name = Release;
		};
		7282FD822A94AAC9003091AB /* Debug */ = {
			isa = XCBuildConfiguration;
			buildSettings = {
				ALWAYS_EMBED_SWIFT_STANDARD_LIBRARIES = YES;
				BUNDLE_LOADER = "$(TEST_HOST)";
				CODE_SIGN_STYLE = Automatic;
				CURRENT_PROJECT_VERSION = 1;
				DEVELOPMENT_TEAM = TJNK63P3AA;
				GENERATE_INFOPLIST_FILE = YES;
				IPHONEOS_DEPLOYMENT_TARGET = 16.4;
				MARKETING_VERSION = 1.0;
				PRODUCT_BUNDLE_IDENTIFIER = Housing.MovieSphereTests;
				PRODUCT_NAME = "$(TARGET_NAME)";
				SWIFT_EMIT_LOC_STRINGS = NO;
				SWIFT_VERSION = 5.0;
				TARGETED_DEVICE_FAMILY = "1,2";
				TEST_HOST = "$(BUILT_PRODUCTS_DIR)/MovieSphereExtended.app/$(BUNDLE_EXECUTABLE_FOLDER_PATH)/MovieSphereExtended";
			};
			name = Debug;
		};
		7282FD832A94AAC9003091AB /* Release */ = {
			isa = XCBuildConfiguration;
			buildSettings = {
				ALWAYS_EMBED_SWIFT_STANDARD_LIBRARIES = YES;
				BUNDLE_LOADER = "$(TEST_HOST)";
				CODE_SIGN_STYLE = Automatic;
				CURRENT_PROJECT_VERSION = 1;
				DEVELOPMENT_TEAM = TJNK63P3AA;
				GENERATE_INFOPLIST_FILE = YES;
				IPHONEOS_DEPLOYMENT_TARGET = 16.4;
				MARKETING_VERSION = 1.0;
				PRODUCT_BUNDLE_IDENTIFIER = Housing.MovieSphereTests;
				PRODUCT_NAME = "$(TARGET_NAME)";
				SWIFT_EMIT_LOC_STRINGS = NO;
				SWIFT_VERSION = 5.0;
				TARGETED_DEVICE_FAMILY = "1,2";
				TEST_HOST = "$(BUILT_PRODUCTS_DIR)/MovieSphereExtended.app/$(BUNDLE_EXECUTABLE_FOLDER_PATH)/MovieSphereExtended";
			};
			name = Release;
		};
		7282FD852A94AAC9003091AB /* Debug */ = {
			isa = XCBuildConfiguration;
			buildSettings = {
				ALWAYS_EMBED_SWIFT_STANDARD_LIBRARIES = YES;
				CODE_SIGN_STYLE = Automatic;
				CURRENT_PROJECT_VERSION = 1;
				DEVELOPMENT_TEAM = TJNK63P3AA;
				GENERATE_INFOPLIST_FILE = YES;
				MARKETING_VERSION = 1.0;
				PRODUCT_BUNDLE_IDENTIFIER = Housing.MovieSphereUITests;
				PRODUCT_NAME = "$(TARGET_NAME)";
				SWIFT_EMIT_LOC_STRINGS = NO;
				SWIFT_VERSION = 5.0;
				TARGETED_DEVICE_FAMILY = "1,2";
				TEST_TARGET_NAME = MovieSphere;
			};
			name = Debug;
		};
		7282FD862A94AAC9003091AB /* Release */ = {
			isa = XCBuildConfiguration;
			buildSettings = {
				ALWAYS_EMBED_SWIFT_STANDARD_LIBRARIES = YES;
				CODE_SIGN_STYLE = Automatic;
				CURRENT_PROJECT_VERSION = 1;
				DEVELOPMENT_TEAM = TJNK63P3AA;
				GENERATE_INFOPLIST_FILE = YES;
				MARKETING_VERSION = 1.0;
				PRODUCT_BUNDLE_IDENTIFIER = Housing.MovieSphereUITests;
				PRODUCT_NAME = "$(TARGET_NAME)";
				SWIFT_EMIT_LOC_STRINGS = NO;
				SWIFT_VERSION = 5.0;
				TARGETED_DEVICE_FAMILY = "1,2";
				TEST_TARGET_NAME = MovieSphere;
			};
			name = Release;
		};
/* End XCBuildConfiguration section */

/* Begin XCConfigurationList section */
		7282FD4C2A94AAC8003091AB /* Build configuration list for PBXProject "MovieSphereExtended" */ = {
			isa = XCConfigurationList;
			buildConfigurations = (
				7282FD7C2A94AAC9003091AB /* Debug */,
				7282FD7D2A94AAC9003091AB /* Release */,
			);
			defaultConfigurationIsVisible = 0;
			defaultConfigurationName = Release;
		};
		7282FD7E2A94AAC9003091AB /* Build configuration list for PBXNativeTarget "MovieSphereExtended" */ = {
			isa = XCConfigurationList;
			buildConfigurations = (
				7282FD7F2A94AAC9003091AB /* Debug */,
				7282FD802A94AAC9003091AB /* Release */,
			);
			defaultConfigurationIsVisible = 0;
			defaultConfigurationName = Release;
		};
		7282FD812A94AAC9003091AB /* Build configuration list for PBXNativeTarget "MovieSphereExtendedTests" */ = {
			isa = XCConfigurationList;
			buildConfigurations = (
				7282FD822A94AAC9003091AB /* Debug */,
				7282FD832A94AAC9003091AB /* Release */,
			);
			defaultConfigurationIsVisible = 0;
			defaultConfigurationName = Release;
		};
		7282FD842A94AAC9003091AB /* Build configuration list for PBXNativeTarget "MovieSphereExtendedUITests" */ = {
			isa = XCConfigurationList;
			buildConfigurations = (
				7282FD852A94AAC9003091AB /* Debug */,
				7282FD862A94AAC9003091AB /* Release */,
			);
			defaultConfigurationIsVisible = 0;
			defaultConfigurationName = Release;
		};
/* End XCConfigurationList section */

/* Begin XCRemoteSwiftPackageReference section */
		721D61D82A9F44C800B27243 /* XCRemoteSwiftPackageReference "SDWebImage" */ = {
			isa = XCRemoteSwiftPackageReference;
			repositoryURL = "https://github.com/SDWebImage/SDWebImage.git";
			requirement = {
				kind = upToNextMajorVersion;
				minimumVersion = 5.0.0;
			};
		};
/* End XCRemoteSwiftPackageReference section */

/* Begin XCSwiftPackageProductDependency section */
		721D61D92A9F44C800B27243 /* SDWebImage */ = {
			isa = XCSwiftPackageProductDependency;
			package = 721D61D82A9F44C800B27243 /* XCRemoteSwiftPackageReference "SDWebImage" */;
			productName = SDWebImage;
		};
		721D61DB2A9F44C800B27243 /* SDWebImageMapKit */ = {
			isa = XCSwiftPackageProductDependency;
			package = 721D61D82A9F44C800B27243 /* XCRemoteSwiftPackageReference "SDWebImage" */;
			productName = SDWebImageMapKit;
		};
/* End XCSwiftPackageProductDependency section */

/* Begin XCVersionGroup section */
		7282FD5D2A94AAC8003091AB /* MovieSphere.xcdatamodeld */ = {
			isa = XCVersionGroup;
			children = (
				7282FD5E2A94AAC8003091AB /* MovieSphere.xcdatamodel */,
			);
			currentVersion = 7282FD5E2A94AAC8003091AB /* MovieSphere.xcdatamodel */;
			path = MovieSphere.xcdatamodeld;
			sourceTree = "<group>";
			versionGroupType = wrapper.xcdatamodel;
		};
/* End XCVersionGroup section */
	};
	rootObject = 7282FD492A94AAC8003091AB /* Project object */;
}
