// !$*UTF8*$!
{
	archiveVersion = 1;
	classes = {
	};
	objectVersion = 56;
	objects = {

/* Begin PBXBuildFile section */
		7282FD552A94AAC8003091AB /* AppDelegate.swift in Sources */ = {isa = PBXBuildFile; fileRef = 7282FD542A94AAC8003091AB /* AppDelegate.swift */; };
		7282FD572A94AAC8003091AB /* SceneDelegate.swift in Sources */ = {isa = PBXBuildFile; fileRef = 7282FD562A94AAC8003091AB /* SceneDelegate.swift */; };
		7282FD592A94AAC8003091AB /* ViewController.swift in Sources */ = {isa = PBXBuildFile; fileRef = 7282FD582A94AAC8003091AB /* ViewController.swift */; };
		7282FD5C2A94AAC8003091AB /* Main.storyboard in Resources */ = {isa = PBXBuildFile; fileRef = 7282FD5A2A94AAC8003091AB /* Main.storyboard */; };
		7282FD5F2A94AAC8003091AB /* MovieSphere.xcdatamodeld in Sources */ = {isa = PBXBuildFile; fileRef = 7282FD5D2A94AAC8003091AB /* MovieSphere.xcdatamodeld */; };
		7282FD612A94AAC9003091AB /* Assets.xcassets in Resources */ = {isa = PBXBuildFile; fileRef = 7282FD602A94AAC9003091AB /* Assets.xcassets */; };
		7282FD642A94AAC9003091AB /* LaunchScreen.storyboard in Resources */ = {isa = PBXBuildFile; fileRef = 7282FD622A94AAC9003091AB /* LaunchScreen.storyboard */; };
		7282FD6F2A94AAC9003091AB /* MovieSphereTests.swift in Sources */ = {isa = PBXBuildFile; fileRef = 7282FD6E2A94AAC9003091AB /* MovieSphereTests.swift */; };
		7282FD792A94AAC9003091AB /* MovieSphereUITests.swift in Sources */ = {isa = PBXBuildFile; fileRef = 7282FD782A94AAC9003091AB /* MovieSphereUITests.swift */; };
		7282FD7B2A94AAC9003091AB /* MovieSphereUITestsLaunchTests.swift in Sources */ = {isa = PBXBuildFile; fileRef = 7282FD7A2A94AAC9003091AB /* MovieSphereUITestsLaunchTests.swift */; };
/* End PBXBuildFile section */

/* Begin PBXContainerItemProxy section */
		7282FD6B2A94AAC9003091AB /* PBXContainerItemProxy */ = {
			isa = PBXContainerItemProxy;
			containerPortal = 7282FD492A94AAC8003091AB /* Project object */;
			proxyType = 1;
			remoteGlobalIDString = 7282FD502A94AAC8003091AB;
			remoteInfo = MovieSphere;
		};
		7282FD752A94AAC9003091AB /* PBXContainerItemProxy */ = {
			isa = PBXContainerItemProxy;
			containerPortal = 7282FD492A94AAC8003091AB /* Project object */;
			proxyType = 1;
			remoteGlobalIDString = 7282FD502A94AAC8003091AB;
			remoteInfo = MovieSphere;
		};
/* End PBXContainerItemProxy section */

/* Begin PBXFileReference section */
		7282FD512A94AAC8003091AB /* MovieSphere.app */ = {isa = PBXFileReference; explicitFileType = wrapper.application; includeInIndex = 0; path = MovieSphere.app; sourceTree = BUILT_PRODUCTS_DIR; };
		7282FD542A94AAC8003091AB /* AppDelegate.swift */ = {isa = PBXFileReference; lastKnownFileType = sourcecode.swift; path = AppDelegate.swift; sourceTree = "<group>"; };
		7282FD562A94AAC8003091AB /* SceneDelegate.swift */ = {isa = PBXFileReference; lastKnownFileType = sourcecode.swift; path = SceneDelegate.swift; sourceTree = "<group>"; };
		7282FD582A94AAC8003091AB /* ViewController.swift */ = {isa = PBXFileReference; lastKnownFileType = sourcecode.swift; path = ViewController.swift; sourceTree = "<group>"; };
		7282FD5B2A94AAC8003091AB /* Base */ = {isa = PBXFileReference; lastKnownFileType = file.storyboard; name = Base; path = Base.lproj/Main.storyboard; sourceTree = "<group>"; };
		7282FD5E2A94AAC8003091AB /* MovieSphere.xcdatamodel */ = {isa = PBXFileReference; lastKnownFileType = wrapper.xcdatamodel; path = MovieSphere.xcdatamodel; sourceTree = "<group>"; };
		7282FD602A94AAC9003091AB /* Assets.xcassets */ = {isa = PBXFileReference; lastKnownFileType = folder.assetcatalog; path = Assets.xcassets; sourceTree = "<group>"; };
		7282FD632A94AAC9003091AB /* Base */ = {isa = PBXFileReference; lastKnownFileType = file.storyboard; name = Base; path = Base.lproj/LaunchScreen.storyboard; sourceTree = "<group>"; };
		7282FD652A94AAC9003091AB /* Info.plist */ = {isa = PBXFileReference; lastKnownFileType = text.plist.xml; path = Info.plist; sourceTree = "<group>"; };
		7282FD6A2A94AAC9003091AB /* MovieSphereTests.xctest */ = {isa = PBXFileReference; explicitFileType = wrapper.cfbundle; includeInIndex = 0; path = MovieSphereTests.xctest; sourceTree = BUILT_PRODUCTS_DIR; };
		7282FD6E2A94AAC9003091AB /* MovieSphereTests.swift */ = {isa = PBXFileReference; lastKnownFileType = sourcecode.swift; path = MovieSphereTests.swift; sourceTree = "<group>"; };
		7282FD742A94AAC9003091AB /* MovieSphereUITests.xctest */ = {isa = PBXFileReference; explicitFileType = wrapper.cfbundle; includeInIndex = 0; path = MovieSphereUITests.xctest; sourceTree = BUILT_PRODUCTS_DIR; };
		7282FD782A94AAC9003091AB /* MovieSphereUITests.swift */ = {isa = PBXFileReference; lastKnownFileType = sourcecode.swift; path = MovieSphereUITests.swift; sourceTree = "<group>"; };
		7282FD7A2A94AAC9003091AB /* MovieSphereUITestsLaunchTests.swift */ = {isa = PBXFileReference; lastKnownFileType = sourcecode.swift; path = MovieSphereUITestsLaunchTests.swift; sourceTree = "<group>"; };
/* End PBXFileReference section */

/* Begin PBXFrameworksBuildPhase section */
		7282FD4E2A94AAC8003091AB /* Frameworks */ = {
			isa = PBXFrameworksBuildPhase;
			buildActionMask = 2147483647;
			files = (
			);
			runOnlyForDeploymentPostprocessing = 0;
		};
		7282FD672A94AAC9003091AB /* Frameworks */ = {
			isa = PBXFrameworksBuildPhase;
			buildActionMask = 2147483647;
			files = (
			);
			runOnlyForDeploymentPostprocessing = 0;
		};
		7282FD712A94AAC9003091AB /* Frameworks */ = {
			isa = PBXFrameworksBuildPhase;
			buildActionMask = 2147483647;
			files = (
			);
			runOnlyForDeploymentPostprocessing = 0;
		};
/* End PBXFrameworksBuildPhase section */

/* Begin PBXGroup section */
		7282FD482A94AAC8003091AB = {
			isa = PBXGroup;
			children = (
				7282FD532A94AAC8003091AB /* MovieSphere */,
				7282FD6D2A94AAC9003091AB /* MovieSphereTests */,
				7282FD772A94AAC9003091AB /* MovieSphereUITests */,
				7282FD522A94AAC8003091AB /* Products */,
			);
			sourceTree = "<group>";
		};
		7282FD522A94AAC8003091AB /* Products */ = {
			isa = PBXGroup;
			children = (
				7282FD512A94AAC8003091AB /* MovieSphere.app */,
				7282FD6A2A94AAC9003091AB /* MovieSphereTests.xctest */,
				7282FD742A94AAC9003091AB /* MovieSphereUITests.xctest */,
			);
			name = Products;
			sourceTree = "<group>";
		};
		7282FD532A94AAC8003091AB /* MovieSphere */ = {
			isa = PBXGroup;
			children = (
				7282FD542A94AAC8003091AB /* AppDelegate.swift */,
				7282FD562A94AAC8003091AB /* SceneDelegate.swift */,
				7282FD582A94AAC8003091AB /* ViewController.swift */,
				7282FD5A2A94AAC8003091AB /* Main.storyboard */,
				7282FD602A94AAC9003091AB /* Assets.xcassets */,
				7282FD622A94AAC9003091AB /* LaunchScreen.storyboard */,
				7282FD652A94AAC9003091AB /* Info.plist */,
				7282FD5D2A94AAC8003091AB /* MovieSphere.xcdatamodeld */,
			);
			path = MovieSphere;
			sourceTree = "<group>";
		};
		7282FD6D2A94AAC9003091AB /* MovieSphereTests */ = {
			isa = PBXGroup;
			children = (
				7282FD6E2A94AAC9003091AB /* MovieSphereTests.swift */,
			);
			path = MovieSphereTests;
			sourceTree = "<group>";
		};
		7282FD772A94AAC9003091AB /* MovieSphereUITests */ = {
			isa = PBXGroup;
			children = (
				7282FD782A94AAC9003091AB /* MovieSphereUITests.swift */,
				7282FD7A2A94AAC9003091AB /* MovieSphereUITestsLaunchTests.swift */,
			);
			path = MovieSphereUITests;
			sourceTree = "<group>";
		};
/* End PBXGroup section */

/* Begin PBXNativeTarget section */
		7282FD502A94AAC8003091AB /* MovieSphere */ = {
			isa = PBXNativeTarget;
			buildConfigurationList = 7282FD7E2A94AAC9003091AB /* Build configuration list for PBXNativeTarget "MovieSphere" */;
			buildPhases = (
				7282FD4D2A94AAC8003091AB /* Sources */,
				7282FD4E2A94AAC8003091AB /* Frameworks */,
				7282FD4F2A94AAC8003091AB /* Resources */,
			);
			buildRules = (
			);
			dependencies = (
			);
			name = MovieSphere;
			productName = MovieSphere;
			productReference = 7282FD512A94AAC8003091AB /* MovieSphere.app */;
			productType = "com.apple.product-type.application";
		};
		7282FD692A94AAC9003091AB /* MovieSphereTests */ = {
			isa = PBXNativeTarget;
			buildConfigurationList = 7282FD812A94AAC9003091AB /* Build configuration list for PBXNativeTarget "MovieSphereTests" */;
			buildPhases = (
				7282FD662A94AAC9003091AB /* Sources */,
				7282FD672A94AAC9003091AB /* Frameworks */,
				7282FD682A94AAC9003091AB /* Resources */,
			);
			buildRules = (
			);
			dependencies = (
				7282FD6C2A94AAC9003091AB /* PBXTargetDependency */,
			);
			name = MovieSphereTests;
			productName = MovieSphereTests;
			productReference = 7282FD6A2A94AAC9003091AB /* MovieSphereTests.xctest */;
			productType = "com.apple.product-type.bundle.unit-test";
		};
		7282FD732A94AAC9003091AB /* MovieSphereUITests */ = {
			isa = PBXNativeTarget;
			buildConfigurationList = 7282FD842A94AAC9003091AB /* Build configuration list for PBXNativeTarget "MovieSphereUITests" */;
			buildPhases = (
				7282FD702A94AAC9003091AB /* Sources */,
				7282FD712A94AAC9003091AB /* Frameworks */,
				7282FD722A94AAC9003091AB /* Resources */,
			);
			buildRules = (
			);
			dependencies = (
				7282FD762A94AAC9003091AB /* PBXTargetDependency */,
			);
			name = MovieSphereUITests;
			productName = MovieSphereUITests;
			productReference = 7282FD742A94AAC9003091AB /* MovieSphereUITests.xctest */;
			productType = "com.apple.product-type.bundle.ui-testing";
		};
/* End PBXNativeTarget section */

/* Begin PBXProject section */
		7282FD492A94AAC8003091AB /* Project object */ = {
			isa = PBXProject;
			attributes = {
				BuildIndependentTargetsInParallel = 1;
				LastSwiftUpdateCheck = 1430;
				LastUpgradeCheck = 1430;
				TargetAttributes = {
					7282FD502A94AAC8003091AB = {
						CreatedOnToolsVersion = 14.3.1;
					};
					7282FD692A94AAC9003091AB = {
						CreatedOnToolsVersion = 14.3.1;
						TestTargetID = 7282FD502A94AAC8003091AB;
					};
					7282FD732A94AAC9003091AB = {
						CreatedOnToolsVersion = 14.3.1;
						TestTargetID = 7282FD502A94AAC8003091AB;
					};
				};
			};
			buildConfigurationList = 7282FD4C2A94AAC8003091AB /* Build configuration list for PBXProject "MovieSphere" */;
			compatibilityVersion = "Xcode 14.0";
			developmentRegion = en;
			hasScannedForEncodings = 0;
			knownRegions = (
				en,
				Base,
			);
			mainGroup = 7282FD482A94AAC8003091AB;
			productRefGroup = 7282FD522A94AAC8003091AB /* Products */;
			projectDirPath = "";
			projectRoot = "";
			targets = (
				7282FD502A94AAC8003091AB /* MovieSphere */,
				7282FD692A94AAC9003091AB /* MovieSphereTests */,
				7282FD732A94AAC9003091AB /* MovieSphereUITests */,
			);
		};
/* End PBXProject section */

/* Begin PBXResourcesBuildPhase section */
		7282FD4F2A94AAC8003091AB /* Resources */ = {
			isa = PBXResourcesBuildPhase;
			buildActionMask = 2147483647;
			files = (
				7282FD642A94AAC9003091AB /* LaunchScreen.storyboard in Resources */,
				7282FD612A94AAC9003091AB /* Assets.xcassets in Resources */,
				7282FD5C2A94AAC8003091AB /* Main.storyboard in Resources */,
			);
			runOnlyForDeploymentPostprocessing = 0;
		};
		7282FD682A94AAC9003091AB /* Resources */ = {
			isa = PBXResourcesBuildPhase;
			buildActionMask = 2147483647;
			files = (
			);
			runOnlyForDeploymentPostprocessing = 0;
		};
		7282FD722A94AAC9003091AB /* Resources */ = {
			isa = PBXResourcesBuildPhase;
			buildActionMask = 2147483647;
			files = (
			);
			runOnlyForDeploymentPostprocessing = 0;
		};
/* End PBXResourcesBuildPhase section */

/* Begin PBXSourcesBuildPhase section */
		7282FD4D2A94AAC8003091AB /* Sources */ = {
			isa = PBXSourcesBuildPhase;
			buildActionMask = 2147483647;
			files = (
				7282FD592A94AAC8003091AB /* ViewController.swift in Sources */,
				7282FD552A94AAC8003091AB /* AppDelegate.swift in Sources */,
				7282FD572A94AAC8003091AB /* SceneDelegate.swift in Sources */,
				7282FD5F2A94AAC8003091AB /* MovieSphere.xcdatamodeld in Sources */,
			);
			runOnlyForDeploymentPostprocessing = 0;
		};
		7282FD662A94AAC9003091AB /* Sources */ = {
			isa = PBXSourcesBuildPhase;
			buildActionMask = 2147483647;
			files = (
				7282FD6F2A94AAC9003091AB /* MovieSphereTests.swift in Sources */,
			);
			runOnlyForDeploymentPostprocessing = 0;
		};
		7282FD702A94AAC9003091AB /* Sources */ = {
			isa = PBXSourcesBuildPhase;
			buildActionMask = 2147483647;
			files = (
				7282FD7B2A94AAC9003091AB /* MovieSphereUITestsLaunchTests.swift in Sources */,
				7282FD792A94AAC9003091AB /* MovieSphereUITests.swift in Sources */,
			);
			runOnlyForDeploymentPostprocessing = 0;
		};
/* End PBXSourcesBuildPhase section */

/* Begin PBXTargetDependency section */
		7282FD6C2A94AAC9003091AB /* PBXTargetDependency */ = {
			isa = PBXTargetDependency;
			target = 7282FD502A94AAC8003091AB /* MovieSphere */;
			targetProxy = 7282FD6B2A94AAC9003091AB /* PBXContainerItemProxy */;
		};
		7282FD762A94AAC9003091AB /* PBXTargetDependency */ = {
			isa = PBXTargetDependency;
			target = 7282FD502A94AAC8003091AB /* MovieSphere */;
			targetProxy = 7282FD752A94AAC9003091AB /* PBXContainerItemProxy */;
		};
/* End PBXTargetDependency section */

/* Begin PBXVariantGroup section */
		7282FD5A2A94AAC8003091AB /* Main.storyboard */ = {
			isa = PBXVariantGroup;
			children = (
				7282FD5B2A94AAC8003091AB /* Base */,
			);
			name = Main.storyboard;
			sourceTree = "<group>";
		};
		7282FD622A94AAC9003091AB /* LaunchScreen.storyboard */ = {
			isa = PBXVariantGroup;
			children = (
				7282FD632A94AAC9003091AB /* Base */,
			);
			name = LaunchScreen.storyboard;
			sourceTree = "<group>";
		};
/* End PBXVariantGroup section */

/* Begin XCBuildConfiguration section */
		7282FD7C2A94AAC9003091AB /* Debug */ = {
			isa = XCBuildConfiguration;
			buildSettings = {
				ALWAYS_SEARCH_USER_PATHS = NO;
				CLANG_ANALYZER_NONNULL = YES;
				CLANG_ANALYZER_NUMBER_OBJECT_CONVERSION = YES_AGGRESSIVE;
				CLANG_CXX_LANGUAGE_STANDARD = "gnu++20";
				CLANG_ENABLE_MODULES = YES;
				CLANG_ENABLE_OBJC_ARC = YES;
				CLANG_ENABLE_OBJC_WEAK = YES;
				CLANG_WARN_BLOCK_CAPTURE_AUTORELEASING = YES;
				CLANG_WARN_BOOL_CONVERSION = YES;
				CLANG_WARN_COMMA = YES;
				CLANG_WARN_CONSTANT_CONVERSION = YES;
				CLANG_WARN_DEPRECATED_OBJC_IMPLEMENTATIONS = YES;
				CLANG_WARN_DIRECT_OBJC_ISA_USAGE = YES_ERROR;
				CLANG_WARN_DOCUMENTATION_COMMENTS = YES;
				CLANG_WARN_EMPTY_BODY = YES;
				CLANG_WARN_ENUM_CONVERSION = YES;
				CLANG_WARN_INFINITE_RECURSION = YES;
				CLANG_WARN_INT_CONVERSION = YES;
				CLANG_WARN_NON_LITERAL_NULL_CONVERSION = YES;
				CLANG_WARN_OBJC_IMPLICIT_RETAIN_SELF = YES;
				CLANG_WARN_OBJC_LITERAL_CONVERSION = YES;
				CLANG_WARN_OBJC_ROOT_CLASS = YES_ERROR;
				CLANG_WARN_QUOTED_INCLUDE_IN_FRAMEWORK_HEADER = YES;
				CLANG_WARN_RANGE_LOOP_ANALYSIS = YES;
				CLANG_WARN_STRICT_PROTOTYPES = YES;
				CLANG_WARN_SUSPICIOUS_MOVE = YES;
				CLANG_WARN_UNGUARDED_AVAILABILITY = YES_AGGRESSIVE;
				CLANG_WARN_UNREACHABLE_CODE = YES;
				CLANG_WARN__DUPLICATE_METHOD_MATCH = YES;
				COPY_PHASE_STRIP = NO;
				DEBUG_INFORMATION_FORMAT = dwarf;
				ENABLE_STRICT_OBJC_MSGSEND = YES;
				ENABLE_TESTABILITY = YES;
				GCC_C_LANGUAGE_STANDARD = gnu11;
				GCC_DYNAMIC_NO_PIC = NO;
				GCC_NO_COMMON_BLOCKS = YES;
				GCC_OPTIMIZATION_LEVEL = 0;
				GCC_PREPROCESSOR_DEFINITIONS = (
					"DEBUG=1",
					"$(inherited)",
				);
				GCC_WARN_64_TO_32_BIT_CONVERSION = YES;
				GCC_WARN_ABOUT_RETURN_TYPE = YES_ERROR;
				GCC_WARN_UNDECLARED_SELECTOR = YES;
				GCC_WARN_UNINITIALIZED_AUTOS = YES_AGGRESSIVE;
				GCC_WARN_UNUSED_FUNCTION = YES;
				GCC_WARN_UNUSED_VARIABLE = YES;
				IPHONEOS_DEPLOYMENT_TARGET = 16.4;
				MTL_ENABLE_DEBUG_INFO = INCLUDE_SOURCE;
				MTL_FAST_MATH = YES;
				ONLY_ACTIVE_ARCH = YES;
				SDKROOT = iphoneos;
				SWIFT_ACTIVE_COMPILATION_CONDITIONS = DEBUG;
				SWIFT_OPTIMIZATION_LEVEL = "-Onone";
			};
			name = Debug;
		};
		7282FD7D2A94AAC9003091AB /* Release */ = {
			isa = XCBuildConfiguration;
			buildSettings = {
				ALWAYS_SEARCH_USER_PATHS = NO;
				CLANG_ANALYZER_NONNULL = YES;
				CLANG_ANALYZER_NUMBER_OBJECT_CONVERSION = YES_AGGRESSIVE;
				CLANG_CXX_LANGUAGE_STANDARD = "gnu++20";
				CLANG_ENABLE_MODULES = YES;
				CLANG_ENABLE_OBJC_ARC = YES;
				CLANG_ENABLE_OBJC_WEAK = YES;
				CLANG_WARN_BLOCK_CAPTURE_AUTORELEASING = YES;
				CLANG_WARN_BOOL_CONVERSION = YES;
				CLANG_WARN_COMMA = YES;
				CLANG_WARN_CONSTANT_CONVERSION = YES;
				CLANG_WARN_DEPRECATED_OBJC_IMPLEMENTATIONS = YES;
				CLANG_WARN_DIRECT_OBJC_ISA_USAGE = YES_ERROR;
				CLANG_WARN_DOCUMENTATION_COMMENTS = YES;
				CLANG_WARN_EMPTY_BODY = YES;
				CLANG_WARN_ENUM_CONVERSION = YES;
				CLANG_WARN_INFINITE_RECURSION = YES;
				CLANG_WARN_INT_CONVERSION = YES;
				CLANG_WARN_NON_LITERAL_NULL_CONVERSION = YES;
				CLANG_WARN_OBJC_IMPLICIT_RETAIN_SELF = YES;
				CLANG_WARN_OBJC_LITERAL_CONVERSION = YES;
				CLANG_WARN_OBJC_ROOT_CLASS = YES_ERROR;
				CLANG_WARN_QUOTED_INCLUDE_IN_FRAMEWORK_HEADER = YES;
				CLANG_WARN_RANGE_LOOP_ANALYSIS = YES;
				CLANG_WARN_STRICT_PROTOTYPES = YES;
				CLANG_WARN_SUSPICIOUS_MOVE = YES;
				CLANG_WARN_UNGUARDED_AVAILABILITY = YES_AGGRESSIVE;
				CLANG_WARN_UNREACHABLE_CODE = YES;
				CLANG_WARN__DUPLICATE_METHOD_MATCH = YES;
				COPY_PHASE_STRIP = NO;
				DEBUG_INFORMATION_FORMAT = "dwarf-with-dsym";
				ENABLE_NS_ASSERTIONS = NO;
				ENABLE_STRICT_OBJC_MSGSEND = YES;
				GCC_C_LANGUAGE_STANDARD = gnu11;
				GCC_NO_COMMON_BLOCKS = YES;
				GCC_WARN_64_TO_32_BIT_CONVERSION = YES;
				GCC_WARN_ABOUT_RETURN_TYPE = YES_ERROR;
				GCC_WARN_UNDECLARED_SELECTOR = YES;
				GCC_WARN_UNINITIALIZED_AUTOS = YES_AGGRESSIVE;
				GCC_WARN_UNUSED_FUNCTION = YES;
				GCC_WARN_UNUSED_VARIABLE = YES;
				IPHONEOS_DEPLOYMENT_TARGET = 16.4;
				MTL_ENABLE_DEBUG_INFO = NO;
				MTL_FAST_MATH = YES;
				SDKROOT = iphoneos;
				SWIFT_COMPILATION_MODE = wholemodule;
				SWIFT_OPTIMIZATION_LEVEL = "-O";
				VALIDATE_PRODUCT = YES;
			};
			name = Release;
		};
		7282FD7F2A94AAC9003091AB /* Debug */ = {
			isa = XCBuildConfiguration;
			buildSettings = {
				ASSETCATALOG_COMPILER_APPICON_NAME = AppIcon;
				ASSETCATALOG_COMPILER_GLOBAL_ACCENT_COLOR_NAME = AccentColor;
				CODE_SIGN_STYLE = Automatic;
				CURRENT_PROJECT_VERSION = 1;
				DEVELOPMENT_TEAM = TJNK63P3AA;
				GENERATE_INFOPLIST_FILE = YES;
				INFOPLIST_FILE = MovieSphere/Info.plist;
				INFOPLIST_KEY_UIApplicationSupportsIndirectInputEvents = YES;
				INFOPLIST_KEY_UILaunchStoryboardName = LaunchScreen;
				INFOPLIST_KEY_UIMainStoryboardFile = Main;
				INFOPLIST_KEY_UISupportedInterfaceOrientations_iPad = "UIInterfaceOrientationPortrait UIInterfaceOrientationPortraitUpsideDown UIInterfaceOrientationLandscapeLeft UIInterfaceOrientationLandscapeRight";
				INFOPLIST_KEY_UISupportedInterfaceOrientations_iPhone = "UIInterfaceOrientationPortrait UIInterfaceOrientationLandscapeLeft UIInterfaceOrientationLandscapeRight";
				LD_RUNPATH_SEARCH_PATHS = (
					"$(inherited)",
					"@executable_path/Frameworks",
				);
				MARKETING_VERSION = 1.0;
				PRODUCT_BUNDLE_IDENTIFIER = Housing.MovieSphere;
				PRODUCT_NAME = "$(TARGET_NAME)";
				SWIFT_EMIT_LOC_STRINGS = YES;
				SWIFT_VERSION = 5.0;
				TARGETED_DEVICE_FAMILY = "1,2";
			};
			name = Debug;
		};
		7282FD802A94AAC9003091AB /* Release */ = {
			isa = XCBuildConfiguration;
			buildSettings = {
				ASSETCATALOG_COMPILER_APPICON_NAME = AppIcon;
				ASSETCATALOG_COMPILER_GLOBAL_ACCENT_COLOR_NAME = AccentColor;
				CODE_SIGN_STYLE = Automatic;
				CURRENT_PROJECT_VERSION = 1;
				DEVELOPMENT_TEAM = TJNK63P3AA;
				GENERATE_INFOPLIST_FILE = YES;
				INFOPLIST_FILE = MovieSphere/Info.plist;
				INFOPLIST_KEY_UIApplicationSupportsIndirectInputEvents = YES;
				INFOPLIST_KEY_UILaunchStoryboardName = LaunchScreen;
				INFOPLIST_KEY_UIMainStoryboardFile = Main;
				INFOPLIST_KEY_UISupportedInterfaceOrientations_iPad = "UIInterfaceOrientationPortrait UIInterfaceOrientationPortraitUpsideDown UIInterfaceOrientationLandscapeLeft UIInterfaceOrientationLandscapeRight";
				INFOPLIST_KEY_UISupportedInterfaceOrientations_iPhone = "UIInterfaceOrientationPortrait UIInterfaceOrientationLandscapeLeft UIInterfaceOrientationLandscapeRight";
				LD_RUNPATH_SEARCH_PATHS = (
					"$(inherited)",
					"@executable_path/Frameworks",
				);
				MARKETING_VERSION = 1.0;
				PRODUCT_BUNDLE_IDENTIFIER = Housing.MovieSphere;
				PRODUCT_NAME = "$(TARGET_NAME)";
				SWIFT_EMIT_LOC_STRINGS = YES;
				SWIFT_VERSION = 5.0;
				TARGETED_DEVICE_FAMILY = "1,2";
			};
			name = Release;
		};
		7282FD822A94AAC9003091AB /* Debug */ = {
			isa = XCBuildConfiguration;
			buildSettings = {
				ALWAYS_EMBED_SWIFT_STANDARD_LIBRARIES = YES;
				BUNDLE_LOADER = "$(TEST_HOST)";
				CODE_SIGN_STYLE = Automatic;
				CURRENT_PROJECT_VERSION = 1;
				DEVELOPMENT_TEAM = TJNK63P3AA;
				GENERATE_INFOPLIST_FILE = YES;
				IPHONEOS_DEPLOYMENT_TARGET = 16.4;
				MARKETING_VERSION = 1.0;
				PRODUCT_BUNDLE_IDENTIFIER = Housing.MovieSphereTests;
				PRODUCT_NAME = "$(TARGET_NAME)";
				SWIFT_EMIT_LOC_STRINGS = NO;
				SWIFT_VERSION = 5.0;
				TARGETED_DEVICE_FAMILY = "1,2";
				TEST_HOST = "$(BUILT_PRODUCTS_DIR)/MovieSphere.app/$(BUNDLE_EXECUTABLE_FOLDER_PATH)/MovieSphere";
			};
			name = Debug;
		};
		7282FD832A94AAC9003091AB /* Release */ = {
			isa = XCBuildConfiguration;
			buildSettings = {
				ALWAYS_EMBED_SWIFT_STANDARD_LIBRARIES = YES;
				BUNDLE_LOADER = "$(TEST_HOST)";
				CODE_SIGN_STYLE = Automatic;
				CURRENT_PROJECT_VERSION = 1;
				DEVELOPMENT_TEAM = TJNK63P3AA;
				GENERATE_INFOPLIST_FILE = YES;
				IPHONEOS_DEPLOYMENT_TARGET = 16.4;
				MARKETING_VERSION = 1.0;
				PRODUCT_BUNDLE_IDENTIFIER = Housing.MovieSphereTests;
				PRODUCT_NAME = "$(TARGET_NAME)";
				SWIFT_EMIT_LOC_STRINGS = NO;
				SWIFT_VERSION = 5.0;
				TARGETED_DEVICE_FAMILY = "1,2";
				TEST_HOST = "$(BUILT_PRODUCTS_DIR)/MovieSphere.app/$(BUNDLE_EXECUTABLE_FOLDER_PATH)/MovieSphere";
			};
			name = Release;
		};
		7282FD852A94AAC9003091AB /* Debug */ = {
			isa = XCBuildConfiguration;
			buildSettings = {
				ALWAYS_EMBED_SWIFT_STANDARD_LIBRARIES = YES;
				CODE_SIGN_STYLE = Automatic;
				CURRENT_PROJECT_VERSION = 1;
				DEVELOPMENT_TEAM = TJNK63P3AA;
				GENERATE_INFOPLIST_FILE = YES;
				MARKETING_VERSION = 1.0;
				PRODUCT_BUNDLE_IDENTIFIER = Housing.MovieSphereUITests;
				PRODUCT_NAME = "$(TARGET_NAME)";
				SWIFT_EMIT_LOC_STRINGS = NO;
				SWIFT_VERSION = 5.0;
				TARGETED_DEVICE_FAMILY = "1,2";
				TEST_TARGET_NAME = MovieSphere;
			};
			name = Debug;
		};
		7282FD862A94AAC9003091AB /* Release */ = {
			isa = XCBuildConfiguration;
			buildSettings = {
				ALWAYS_EMBED_SWIFT_STANDARD_LIBRARIES = YES;
				CODE_SIGN_STYLE = Automatic;
				CURRENT_PROJECT_VERSION = 1;
				DEVELOPMENT_TEAM = TJNK63P3AA;
				GENERATE_INFOPLIST_FILE = YES;
				MARKETING_VERSION = 1.0;
				PRODUCT_BUNDLE_IDENTIFIER = Housing.MovieSphereUITests;
				PRODUCT_NAME = "$(TARGET_NAME)";
				SWIFT_EMIT_LOC_STRINGS = NO;
				SWIFT_VERSION = 5.0;
				TARGETED_DEVICE_FAMILY = "1,2";
				TEST_TARGET_NAME = MovieSphere;
			};
			name = Release;
		};
/* End XCBuildConfiguration section */

/* Begin XCConfigurationList section */
		7282FD4C2A94AAC8003091AB /* Build configuration list for PBXProject "MovieSphere" */ = {
			isa = XCConfigurationList;
			buildConfigurations = (
				7282FD7C2A94AAC9003091AB /* Debug */,
				7282FD7D2A94AAC9003091AB /* Release */,
			);
			defaultConfigurationIsVisible = 0;
			defaultConfigurationName = Release;
		};
		7282FD7E2A94AAC9003091AB /* Build configuration list for PBXNativeTarget "MovieSphere" */ = {
			isa = XCConfigurationList;
			buildConfigurations = (
				7282FD7F2A94AAC9003091AB /* Debug */,
				7282FD802A94AAC9003091AB /* Release */,
			);
			defaultConfigurationIsVisible = 0;
			defaultConfigurationName = Release;
		};
		7282FD812A94AAC9003091AB /* Build configuration list for PBXNativeTarget "MovieSphereTests" */ = {
			isa = XCConfigurationList;
			buildConfigurations = (
				7282FD822A94AAC9003091AB /* Debug */,
				7282FD832A94AAC9003091AB /* Release */,
			);
			defaultConfigurationIsVisible = 0;
			defaultConfigurationName = Release;
		};
		7282FD842A94AAC9003091AB /* Build configuration list for PBXNativeTarget "MovieSphereUITests" */ = {
			isa = XCConfigurationList;
			buildConfigurations = (
				7282FD852A94AAC9003091AB /* Debug */,
				7282FD862A94AAC9003091AB /* Release */,
			);
			defaultConfigurationIsVisible = 0;
			defaultConfigurationName = Release;
		};
/* End XCConfigurationList section */

/* Begin XCVersionGroup section */
		7282FD5D2A94AAC8003091AB /* MovieSphere.xcdatamodeld */ = {
			isa = XCVersionGroup;
			children = (
				7282FD5E2A94AAC8003091AB /* MovieSphere.xcdatamodel */,
			);
			currentVersion = 7282FD5E2A94AAC8003091AB /* MovieSphere.xcdatamodel */;
			path = MovieSphere.xcdatamodeld;
			sourceTree = "<group>";
			versionGroupType = wrapper.xcdatamodel;
		};
/* End XCVersionGroup section */
	};
	rootObject = 7282FD492A94AAC8003091AB /* Project object */;
}
